{
  "name": "plz-download",
  "version": "1.0.0",
  "lockfileVersion": 1,
  "requires": true,
  "dependencies": {
    "axios": {
      "version": "0.19.2",
      "resolved": "https://registry.npm.taobao.org/axios/download/axios-0.19.2.tgz",
      "integrity": "sha1-PqNsXYgY0NX4qKl6bTa4bNwAyyc=",
      "requires": {
        "follow-redirects": "1.5.10"
      }
    },
    "balanced-match": {
      "version": "1.0.0",
      "resolved": "https://registry.npm.taobao.org/balanced-match/download/balanced-match-1.0.0.tgz",
      "integrity": "sha1-ibTRmasr7kneFk6gK4nORi1xt2c="
    },
    "base-64": {
      "version": "0.1.0",
      "resolved": "https://registry.npm.taobao.org/base-64/download/base-64-0.1.0.tgz",
      "integrity": "sha1-eAqZyE59YAJgNhURxId2E78k9rs="
    },
    "brace-expansion": {
      "version": "1.1.11",
      "resolved": "https://registry.npm.taobao.org/brace-expansion/download/brace-expansion-1.1.11.tgz",
      "integrity": "sha1-PH/L9SnYcibz0vUrlm/1Jx60Qd0=",
      "requires": {
        "balanced-match": "^1.0.0",
        "concat-map": "0.0.1"
      }
    },
    "concat-map": {
      "version": "0.0.1",
      "resolved": "https://registry.npm.taobao.org/concat-map/download/concat-map-0.0.1.tgz",
      "integrity": "sha1-2Klr13/Wjfd5OnMDajug1UBdR3s="
    },
    "debug": {
      "version": "3.1.0",
      "resolved": "https://registry.npm.taobao.org/debug/download/debug-3.1.0.tgz",
      "integrity": "sha1-W7WgZyYotkFJVmuhaBnmFRjGcmE=",
      "requires": {
        "ms": "2.0.0"
      }
    },
    "fast-xml-parser": {
      "version": "3.16.0",
      "resolved": "https://registry.npm.taobao.org/fast-xml-parser/download/fast-xml-parser-3.16.0.tgz",
      "integrity": "sha1-2QXn5rKPxGSMq+vLB0Njhn+1buI="
    },
    "follow-redirects": {
      "version": "1.5.10",
      "resolved": "https://registry.npm.taobao.org/follow-redirects/download/follow-redirects-1.5.10.tgz",
      "integrity": "sha1-e3qfmuov3/NnhqlP9kPtB/T/Xio=",
      "requires": {
        "debug": "=3.1.0"
      }
    },
    "hot-patcher": {
      "version": "0.5.0",
      "resolved": "https://registry.npm.taobao.org/hot-patcher/download/hot-patcher-0.5.0.tgz",
      "integrity": "sha1-nUAUJFharzqRZGuBbO/0DrapFrk="
    },
    "minimatch": {
      "version": "3.0.4",
      "resolved": "https://registry.npm.taobao.org/minimatch/download/minimatch-3.0.4.tgz",
      "integrity": "sha1-UWbihkV/AzBgZL5Ul+jbsMPTIIM=",
      "requires": {
        "brace-expansion": "^1.1.7"
      }
    },
    "ms": {
      "version": "2.0.0",
      "resolved": "https://registry.npm.taobao.org/ms/download/ms-2.0.0.tgz?cache=0&sync_timestamp=1575472461218&other_urls=https%3A%2F%2Fregistry.npm.taobao.org%2Fms%2Fdownload%2Fms-2.0.0.tgz",
      "integrity": "sha1-VgiurfwAvmwpAd9fmGF4jeDVl8g="
    },
    "nested-property": {
      "version": "1.0.4",
      "resolved": "https://registry.npm.taobao.org/nested-property/download/nested-property-1.0.4.tgz",
      "integrity": "sha1-QGjEKJ0fOsnzZ+eEUC/zQtJ37i8="
    },
    "path-posix": {
      "version": "1.0.0",
      "resolved": "https://registry.npm.taobao.org/path-posix/download/path-posix-1.0.0.tgz",
      "integrity": "sha1-BrJhE/Vr6rBCVFojv6iAA8ysJg8="
    },
    "querystringify": {
      "version": "2.1.1",
      "resolved": "https://registry.npm.taobao.org/querystringify/download/querystringify-2.1.1.tgz",
      "integrity": "sha1-YOWl/WSn+L+k0qsu1v30yFutFU4="
    },
    "requires-port": {
      "version": "1.0.0",
      "resolved": "https://registry.npm.taobao.org/requires-port/download/requires-port-1.0.0.tgz",
      "integrity": "sha1-kl0mAdOaxIXgkc8NpcbmlNw9yv8="
    },
    "url-join": {
      "version": "4.0.1",
      "resolved": "https://registry.npm.taobao.org/url-join/download/url-join-4.0.1.tgz",
      "integrity": "sha1-tkLiGiZGgI/6F4xMX9o5hE4Szec="
    },
    "url-parse": {
      "version": "1.4.7",
      "resolved": "https://registry.npm.taobao.org/url-parse/download/url-parse-1.4.7.tgz",
      "integrity": "sha1-qKg1NejACjFuQDpdtKwbm4U64ng=",
      "requires": {
        "querystringify": "^2.1.1",
        "requires-port": "^1.0.0"
      }
    },
    "webdav": {
      "version": "3.2.0",
      "resolved": "https://registry.npm.taobao.org/webdav/download/webdav-3.2.0.tgz",
      "integrity": "sha1-ebsTbtGRb0kzK5K0KfrW0d/Cp+o=",
      "requires": {
        "axios": "^0.19.2",
        "base-64": "^0.1.0",
        "fast-xml-parser": "^3.16.0",
        "hot-patcher": "^0.5.0",
        "minimatch": "^3.0.4",
        "nested-property": "^1.0.4",
        "path-posix": "^1.0.0",
        "url-join": "^4.0.1",
        "url-parse": "^1.4.7"
      }
    }
  }
}
